
Microsoft Visual Studio Solution File, Format Version 12.00
# Visual Studio Version 17
VisualStudioVersion = 17.14.36408.4 d17.14
MinimumVisualStudioVersion = 10.0.40219.1
Project("{FAE04EC0-301F-11D3-BF4B-00C04F79EFBC}") = "GameProgramming_Challenge_SuperVirus_GabeRyan", "GameProgramming_Challenge_SuperVirus_GabeRyan\GameProgramming_Challenge_SuperVirus_GabeRyan.csproj", "{C5E514F7-82BA-416A-A089-2E8A09CFBF26}"
EndProject
Global
	GlobalSection(SolutionConfigurationPlatforms) = preSolution
		Debug|Any CPU = Debug|Any CPU
		Release|Any CPU = Release|Any CPU
	EndGlobalSection
	GlobalSection(ProjectConfigurationPlatforms) = postSolution
		{C5E514F7-82BA-416A-A089-2E8A09CFBF26}.Debug|Any CPU.ActiveCfg = Debug|Any CPU
		{C5E514F7-82BA-416A-A089-2E8A09CFBF26}.Debug|Any CPU.Build.0 = Debug|Any CPU
		{C5E514F7-82BA-416A-A089-2E8A09CFBF26}.Release|Any CPU.ActiveCfg = Release|Any CPU
		{C5E514F7-82BA-416A-A089-2E8A09CFBF26}.Release|Any CPU.Build.0 = Release|Any CPU
	EndGlobalSection
	GlobalSection(SolutionProperties) = preSolution
		HideSolutionNode = FALSE
	EndGlobalSection
	GlobalSection(ExtensibilityGlobals) = postSolution
		SolutionGuid = {695B996C-6FA2-431D-B740-E7E6031F0697}
	EndGlobalSection
EndGlobal
